
Microsoft Visual Studio Solution File, Format Version 12.00
# Visual Studio Version 17
VisualStudioVersion = 17.5.002.0
MinimumVisualStudioVersion = 10.0.40219.1
Project("{9A19103F-16F7-4668-BE54-9A1E7A4F7556}") = "Zadanie4", "Zadanie4.csproj", "{5F5D5602-B9E2-4CAA-808F-2348AD18C620}"
EndProject
Global
	GlobalSection(SolutionConfigurationPlatforms) = preSolution
		Debug|Any CPU = Debug|Any CPU
		Release|Any CPU = Release|Any CPU
	EndGlobalSection
	GlobalSection(ProjectConfigurationPlatforms) = postSolution
		{5F5D5602-B9E2-4CAA-808F-2348AD18C620}.Debug|Any CPU.ActiveCfg = Debug|Any CPU
		{5F5D5602-B9E2-4CAA-808F-2348AD18C620}.Debug|Any CPU.Build.0 = Debug|Any CPU
		{5F5D5602-B9E2-4CAA-808F-2348AD18C620}.Release|Any CPU.ActiveCfg = Release|Any CPU
		{5F5D5602-B9E2-4CAA-808F-2348AD18C620}.Release|Any CPU.Build.0 = Release|Any CPU
	EndGlobalSection
	GlobalSection(SolutionProperties) = preSolution
		HideSolutionNode = FALSE
	EndGlobalSection
	GlobalSection(ExtensibilityGlobals) = postSolution
		SolutionGuid = {8A15A1AF-676B-4E77-9C80-1C4531DB4DC9}
	EndGlobalSection
EndGlobal
