
Microsoft Visual Studio Solution File, Format Version 12.00
# Visual Studio Version 17
VisualStudioVersion = 17.5.002.0
MinimumVisualStudioVersion = 10.0.40219.1
Project("{9A19103F-16F7-4668-BE54-9A1E7A4F7556}") = "Zadanie2", "Zadanie2.csproj", "{0E3F509A-C6E6-4455-AAB3-CCBF18932129}"
EndProject
Global
	GlobalSection(SolutionConfigurationPlatforms) = preSolution
		Debug|Any CPU = Debug|Any CPU
		Release|Any CPU = Release|Any CPU
	EndGlobalSection
	GlobalSection(ProjectConfigurationPlatforms) = postSolution
		{0E3F509A-C6E6-4455-AAB3-CCBF18932129}.Debug|Any CPU.ActiveCfg = Debug|Any CPU
		{0E3F509A-C6E6-4455-AAB3-CCBF18932129}.Debug|Any CPU.Build.0 = Debug|Any CPU
		{0E3F509A-C6E6-4455-AAB3-CCBF18932129}.Release|Any CPU.ActiveCfg = Release|Any CPU
		{0E3F509A-C6E6-4455-AAB3-CCBF18932129}.Release|Any CPU.Build.0 = Release|Any CPU
	EndGlobalSection
	GlobalSection(SolutionProperties) = preSolution
		HideSolutionNode = FALSE
	EndGlobalSection
	GlobalSection(ExtensibilityGlobals) = postSolution
		SolutionGuid = {B641226C-D2E5-4765-9860-7871C5DD2F2D}
	EndGlobalSection
EndGlobal
